<?xml version="1.0" encoding="utf-8"?>
<Project ToolsVersion="4.0" xmlns="http://schemas.microsoft.com/developer/msbuild/2003">
  <ItemGroup>
    <Filter Include="Fichiers sources">
      <UniqueIdentifier>{4FC737F1-C7A5-4376-A066-2A32D752A2FF}</UniqueIdentifier>
      <Extensions>cpp;c;cc;cxx;def;odl;idl;hpj;bat;asm;asmx</Extensions>
    </Filter>
    <Filter Include="Fichiers d%27en-tête">
      <UniqueIdentifier>{93995380-89BD-4b04-88EB-625FBE52EBFB}</UniqueIdentifier>
      <Extensions>h;hpp;hxx;hm;inl;inc;xsd</Extensions>
    </Filter>
    <Filter Include="Fichiers de ressources">
      <UniqueIdentifier>{67DA6AB6-F800-4c08-8B7A-83BB121AAD01}</UniqueIdentifier>
      <Extensions>rc;ico;cur;bmp;dlg;rc2;rct;bin;rgs;gif;jpg;jpeg;jpe;resx;tiff;tif;png;wav;mfcribbon-ms</Extensions>
    </Filter>
    <Filter Include="Fichiers d%27en-tête\core">
      <UniqueIdentifier>{1c9d8bcc-d851-4d01-904d-7e87efb8933b}</UniqueIdentifier>
    </Filter>
    <Filter Include="Fichiers d%27en-tête\fuzzy">
      <UniqueIdentifier>{1c4c44d4-782f-482f-ae43-29843c972992}</UniqueIdentifier>
    </Filter>
    <Filter Include="Fichiers sources\core">
      <UniqueIdentifier>{31840c95-333f-4dc4-ab99-640c2e35dcc5}</UniqueIdentifier>
    </Filter>
    <Filter Include="Fichiers sources\fuzzy">
      <UniqueIdentifier>{efd507d1-7d1a-443c-8693-a8ec17b33526}</UniqueIdentifier>
    </Filter>
  </ItemGroup>
  <ItemGroup>
    <Text Include="ReadMe.txt" />
  </ItemGroup>
  <ItemGroup>
    <ClInclude Include="stdafx.h">
      <Filter>Fichiers d%27en-tête</Filter>
    </ClInclude>
    <ClInclude Include="targetver.h">
      <Filter>Fichiers d%27en-tête</Filter>
    </ClInclude>
    <ClInclude Include="core\BinaryExpression.h">
      <Filter>Fichiers d%27en-tête\core</Filter>
    </ClInclude>
    <ClInclude Include="core\Expression.h">
      <Filter>Fichiers d%27en-tête\core</Filter>
    </ClInclude>
    <ClInclude Include="core\UnaryExpression.h">
      <Filter>Fichiers d%27en-tête\core</Filter>
    </ClInclude>
    <ClInclude Include="core\ValueModel.h">
      <Filter>Fichiers d%27en-tête\core</Filter>
    </ClInclude>
    <ClInclude Include="fuzzy\AndMin.h">
      <Filter>Fichiers d%27en-tête\fuzzy</Filter>
    </ClInclude>
    <ClInclude Include="core\UnaryExpressionModel.h">
      <Filter>Fichiers d%27en-tête\core</Filter>
    </ClInclude>
    <ClInclude Include="fuzzy\Operator.h">
      <Filter>Fichiers d%27en-tête\fuzzy</Filter>
    </ClInclude>
    <ClInclude Include="fuzzy\OrMax.h">
      <Filter>Fichiers d%27en-tête\fuzzy</Filter>
    </ClInclude>
    <ClInclude Include="fuzzy\OrPlus.h">
      <Filter>Fichiers d%27en-tête\fuzzy</Filter>
    </ClInclude>
    <ClInclude Include="fuzzy\ThenMin.h">
      <Filter>Fichiers d%27en-tête\fuzzy</Filter>
    </ClInclude>
    <ClInclude Include="fuzzy\ThenMult.h">
      <Filter>Fichiers d%27en-tête\fuzzy</Filter>
    </ClInclude>
    <ClInclude Include="fuzzy\AggMax.h">
      <Filter>Fichiers d%27en-tête\fuzzy</Filter>
    </ClInclude>
    <ClInclude Include="fuzzy\AggPlus.h">
      <Filter>Fichiers d%27en-tête\fuzzy</Filter>
    </ClInclude>
    <ClInclude Include="core\BinaryExpressionModel.h">
      <Filter>Fichiers d%27en-tête\core</Filter>
    </ClInclude>
    <ClInclude Include="fuzzy\AndMult.h">
      <Filter>Fichiers d%27en-tête\fuzzy</Filter>
    </ClInclude>
    <ClInclude Include="fuzzy\IsTriangle.h">
      <Filter>Fichiers d%27en-tête\fuzzy</Filter>
    </ClInclude>
    <ClInclude Include="fuzzy\NotMinus1.h">
      <Filter>Fichiers d%27en-tête\fuzzy</Filter>
    </ClInclude>
    <ClInclude Include="fuzzy\IsTrapeze.h">
      <Filter>Fichiers d%27en-tête\fuzzy</Filter>
    </ClInclude>
    <ClInclude Include="core\Evaluator.h">
      <Filter>Fichiers d%27en-tête\core</Filter>
    </ClInclude>
    <ClInclude Include="fuzzy\CogDefuzz.h">
      <Filter>Fichiers d%27en-tête\fuzzy</Filter>
    </ClInclude>
    <ClInclude Include="core\UnaryShadowExpression.h">
      <Filter>Fichiers d%27en-tête\core</Filter>
    </ClInclude>
    <ClInclude Include="ProjetFRW.h">
      <Filter>Fichiers d%27en-tête</Filter>
    </ClInclude>
    <ClInclude Include="core\NullExpressionExcpetion.h">
      <Filter>Fichiers d%27en-tête\core</Filter>
    </ClInclude>
    <ClInclude Include="core\BinaryShadowExpression.h">
      <Filter>Fichiers d%27en-tête\core</Filter>
    </ClInclude>
    <ClInclude Include="core\ExpressionFactory.h">
      <Filter>Fichiers d%27en-tête\core</Filter>
    </ClInclude>
    <ClInclude Include="fuzzy\FuzzyFactory.h">
      <Filter>Fichiers d%27en-tête\fuzzy</Filter>
    </ClInclude>
    <ClInclude Include="core\NaryShadowExpression.h">
      <Filter>Fichiers d%27en-tête\core</Filter>
    </ClInclude>
    <ClInclude Include="core\NaryExpression.h">
      <Filter>Fichiers d%27en-tête\core</Filter>
    </ClInclude>
    <ClInclude Include="core\NaryExpressionModel.h">
      <Filter>Fichiers d%27en-tête\core</Filter>
    </ClInclude>
    <ClInclude Include="fuzzy\MandaniDefuzz.h">
      <Filter>Fichiers d%27en-tête\fuzzy</Filter>
    </ClInclude>
    <ClInclude Include="fuzzy\SugenoThen.h">
      <Filter>Fichiers d%27en-tête\fuzzy</Filter>
    </ClInclude>
  </ItemGroup>
  <ItemGroup>
    <ClCompile Include="stdafx.cpp">
      <Filter>Fichiers sources</Filter>
    </ClCompile>
    <ClCompile Include="ProjetFRW.cpp">
      <Filter>Fichiers sources</Filter>
    </ClCompile>
  </ItemGroup>
  <ItemGroup>
    <ResourceCompile Include="ProjetFRW.rc">
      <Filter>Fichiers de ressources</Filter>
    </ResourceCompile>
  </ItemGroup>
</Project>